// !$*UTF8*$!
{
	archiveVersion = 1;
	classes = {
	};
	objectVersion = 46;
	objects = {

/* Begin PBXBuildFile section */
		3F833FFF1AD7CB64007834E9 /* main.m in Sources */ = {isa = PBXBuildFile; fileRef = 3F833FFE1AD7CB64007834E9 /* main.m */; };
		3F8340021AD7CB64007834E9 /* AppDelegate.m in Sources */ = {isa = PBXBuildFile; fileRef = 3F8340011AD7CB64007834E9 /* AppDelegate.m */; };
		3F8340051AD7CB64007834E9 /* contacts.xcdatamodeld in Sources */ = {isa = PBXBuildFile; fileRef = 3F8340031AD7CB64007834E9 /* contacts.xcdatamodeld */; };
		3F8340081AD7CB64007834E9 /* ViewController.m in Sources */ = {isa = PBXBuildFile; fileRef = 3F8340071AD7CB64007834E9 /* ViewController.m */; };
		3F83400B1AD7CB64007834E9 /* Main.storyboard in Resources */ = {isa = PBXBuildFile; fileRef = 3F8340091AD7CB64007834E9 /* Main.storyboard */; };
		3F83400D1AD7CB64007834E9 /* Images.xcassets in Resources */ = {isa = PBXBuildFile; fileRef = 3F83400C1AD7CB64007834E9 /* Images.xcassets */; };
		3F8340101AD7CB64007834E9 /* LaunchScreen.xib in Resources */ = {isa = PBXBuildFile; fileRef = 3F83400E1AD7CB64007834E9 /* LaunchScreen.xib */; };
		3F83401C1AD7CB64007834E9 /* contactsTests.m in Sources */ = {isa = PBXBuildFile; fileRef = 3F83401B1AD7CB64007834E9 /* contactsTests.m */; };
/* End PBXBuildFile section */

/* Begin PBXContainerItemProxy section */
		3F8340161AD7CB64007834E9 /* PBXContainerItemProxy */ = {
			isa = PBXContainerItemProxy;
			containerPortal = 3F833FF11AD7CB64007834E9 /* Project object */;
			proxyType = 1;
			remoteGlobalIDString = 3F833FF81AD7CB64007834E9;
			remoteInfo = contacts;
		};
/* End PBXContainerItemProxy section */

/* Begin PBXFileReference section */
		3F833FF91AD7CB64007834E9 /* contacts.app */ = {isa = PBXFileReference; explicitFileType = wrapper.application; includeInIndex = 0; path = contacts.app; sourceTree = BUILT_PRODUCTS_DIR; };
		3F833FFD1AD7CB64007834E9 /* Info.plist */ = {isa = PBXFileReference; lastKnownFileType = text.plist.xml; path = Info.plist; sourceTree = "<group>"; };
		3F833FFE1AD7CB64007834E9 /* main.m */ = {isa = PBXFileReference; lastKnownFileType = sourcecode.c.objc; path = main.m; sourceTree = "<group>"; };
		3F8340001AD7CB64007834E9 /* AppDelegate.h */ = {isa = PBXFileReference; lastKnownFileType = sourcecode.c.h; path = AppDelegate.h; sourceTree = "<group>"; };
		3F8340011AD7CB64007834E9 /* AppDelegate.m */ = {isa = PBXFileReference; lastKnownFileType = sourcecode.c.objc; path = AppDelegate.m; sourceTree = "<group>"; };
		3F8340041AD7CB64007834E9 /* contacts.xcdatamodel */ = {isa = PBXFileReference; lastKnownFileType = wrapper.xcdatamodel; path = contacts.xcdatamodel; sourceTree = "<group>"; };
		3F8340061AD7CB64007834E9 /* ViewController.h */ = {isa = PBXFileReference; lastKnownFileType = sourcecode.c.h; path = ViewController.h; sourceTree = "<group>"; };
		3F8340071AD7CB64007834E9 /* ViewController.m */ = {isa = PBXFileReference; lastKnownFileType = sourcecode.c.objc; path = ViewController.m; sourceTree = "<group>"; };
		3F83400A1AD7CB64007834E9 /* Base */ = {isa = PBXFileReference; lastKnownFileType = file.storyboard; name = Base; path = Base.lproj/Main.storyboard; sourceTree = "<group>"; };
		3F83400C1AD7CB64007834E9 /* Images.xcassets */ = {isa = PBXFileReference; lastKnownFileType = folder.assetcatalog; path = Images.xcassets; sourceTree = "<group>"; };
		3F83400F1AD7CB64007834E9 /* Base */ = {isa = PBXFileReference; lastKnownFileType = file.xib; name = Base; path = Base.lproj/LaunchScreen.xib; sourceTree = "<group>"; };
		3F8340151AD7CB64007834E9 /* contactsTests.xctest */ = {isa = PBXFileReference; explicitFileType = wrapper.cfbundle; includeInIndex = 0; path = contactsTests.xctest; sourceTree = BUILT_PRODUCTS_DIR; };
		3F83401A1AD7CB64007834E9 /* Info.plist */ = {isa = PBXFileReference; lastKnownFileType = text.plist.xml; path = Info.plist; sourceTree = "<group>"; };
		3F83401B1AD7CB64007834E9 /* contactsTests.m */ = {isa = PBXFileReference; lastKnownFileType = sourcecode.c.objc; path = contactsTests.m; sourceTree = "<group>"; };
/* End PBXFileReference section */

/* Begin PBXFrameworksBuildPhase section */
		3F833FF61AD7CB64007834E9 /* Frameworks */ = {
			isa = PBXFrameworksBuildPhase;
			buildActionMask = 2147483647;
			files = (
			);
			runOnlyForDeploymentPostprocessing = 0;
		};
		3F8340121AD7CB64007834E9 /* Frameworks */ = {
			isa = PBXFrameworksBuildPhase;
			buildActionMask = 2147483647;
			files = (
			);
			runOnlyForDeploymentPostprocessing = 0;
		};
/* End PBXFrameworksBuildPhase section */

/* Begin PBXGroup section */
		3F833FF01AD7CB64007834E9 = {
			isa = PBXGroup;
			children = (
				3F833FFB1AD7CB64007834E9 /* contacts */,
				3F8340181AD7CB64007834E9 /* contactsTests */,
				3F833FFA1AD7CB64007834E9 /* Products */,
			);
			sourceTree = "<group>";
		};
		3F833FFA1AD7CB64007834E9 /* Products */ = {
			isa = PBXGroup;
			children = (
				3F833FF91AD7CB64007834E9 /* contacts.app */,
				3F8340151AD7CB64007834E9 /* contactsTests.xctest */,
			);
			name = Products;
			sourceTree = "<group>";
		};
		3F833FFB1AD7CB64007834E9 /* contacts */ = {
			isa = PBXGroup;
			children = (
				3F8340001AD7CB64007834E9 /* AppDelegate.h */,
				3F8340011AD7CB64007834E9 /* AppDelegate.m */,
				3F8340061AD7CB64007834E9 /* ViewController.h */,
				3F8340071AD7CB64007834E9 /* ViewController.m */,
				3F8340091AD7CB64007834E9 /* Main.storyboard */,
				3F83400C1AD7CB64007834E9 /* Images.xcassets */,
				3F83400E1AD7CB64007834E9 /* LaunchScreen.xib */,
				3F8340031AD7CB64007834E9 /* contacts.xcdatamodeld */,
				3F833FFC1AD7CB64007834E9 /* Supporting Files */,
			);
			path = contacts;
			sourceTree = "<group>";
		};
		3F833FFC1AD7CB64007834E9 /* Supporting Files */ = {
			isa = PBXGroup;
			children = (
				3F833FFD1AD7CB64007834E9 /* Info.plist */,
				3F833FFE1AD7CB64007834E9 /* main.m */,
			);
			name = "Supporting Files";
			sourceTree = "<group>";
		};
		3F8340181AD7CB64007834E9 /* contactsTests */ = {
			isa = PBXGroup;
			children = (
				3F83401B1AD7CB64007834E9 /* contactsTests.m */,
				3F8340191AD7CB64007834E9 /* Supporting Files */,
			);
			path = contactsTests;
			sourceTree = "<group>";
		};
		3F8340191AD7CB64007834E9 /* Supporting Files */ = {
			isa = PBXGroup;
			children = (
				3F83401A1AD7CB64007834E9 /* Info.plist */,
			);
			name = "Supporting Files";
			sourceTree = "<group>";
		};
/* End PBXGroup section */

/* Begin PBXNativeTarget section */
		3F833FF81AD7CB64007834E9 /* contacts */ = {
			isa = PBXNativeTarget;
			buildConfigurationList = 3F83401F1AD7CB64007834E9 /* Build configuration list for PBXNativeTarget "contacts" */;
			buildPhases = (
				3F833FF51AD7CB64007834E9 /* Sources */,
				3F833FF61AD7CB64007834E9 /* Frameworks */,
				3F833FF71AD7CB64007834E9 /* Resources */,
			);
			buildRules = (
			);
			dependencies = (
			);
			name = contacts;
			productName = contacts;
			productReference = 3F833FF91AD7CB64007834E9 /* contacts.app */;
			productType = "com.apple.product-type.application";
		};
		3F8340141AD7CB64007834E9 /* contactsTests */ = {
			isa = PBXNativeTarget;
			buildConfigurationList = 3F8340221AD7CB64007834E9 /* Build configuration list for PBXNativeTarget "contactsTests" */;
			buildPhases = (
				3F8340111AD7CB64007834E9 /* Sources */,
				3F8340121AD7CB64007834E9 /* Frameworks */,
				3F8340131AD7CB64007834E9 /* Resources */,
			);
			buildRules = (
			);
			dependencies = (
				3F8340171AD7CB64007834E9 /* PBXTargetDependency */,
			);
			name = contactsTests;
			productName = contactsTests;
			productReference = 3F8340151AD7CB64007834E9 /* contactsTests.xctest */;
			productType = "com.apple.product-type.bundle.unit-test";
		};
/* End PBXNativeTarget section */

/* Begin PBXProject section */
		3F833FF11AD7CB64007834E9 /* Project object */ = {
			isa = PBXProject;
			attributes = {
				LastUpgradeCheck = 0630;
				ORGANIZATIONNAME = WiMC;
				TargetAttributes = {
					3F833FF81AD7CB64007834E9 = {
						CreatedOnToolsVersion = 6.3;
					};
					3F8340141AD7CB64007834E9 = {
						CreatedOnToolsVersion = 6.3;
						TestTargetID = 3F833FF81AD7CB64007834E9;
					};
				};
			};
			buildConfigurationList = 3F833FF41AD7CB64007834E9 /* Build configuration list for PBXProject "contacts" */;
			compatibilityVersion = "Xcode 3.2";
			developmentRegion = English;
			hasScannedForEncodings = 0;
			knownRegions = (
				en,
				Base,
			);
			mainGroup = 3F833FF01AD7CB64007834E9;
			productRefGroup = 3F833FFA1AD7CB64007834E9 /* Products */;
			projectDirPath = "";
			projectRoot = "";
			targets = (
				3F833FF81AD7CB64007834E9 /* contacts */,
				3F8340141AD7CB64007834E9 /* contactsTests */,
			);
		};
/* End PBXProject section */

/* Begin PBXResourcesBuildPhase section */
		3F833FF71AD7CB64007834E9 /* Resources */ = {
			isa = PBXResourcesBuildPhase;
			buildActionMask = 2147483647;
			files = (
				3F83400B1AD7CB64007834E9 /* Main.storyboard in Resources */,
				3F8340101AD7CB64007834E9 /* LaunchScreen.xib in Resources */,
				3F83400D1AD7CB64007834E9 /* Images.xcassets in Resources */,
			);
			runOnlyForDeploymentPostprocessing = 0;
		};
		3F8340131AD7CB64007834E9 /* Resources */ = {
			isa = PBXResourcesBuildPhase;
			buildActionMask = 2147483647;
			files = (
			);
			runOnlyForDeploymentPostprocessing = 0;
		};
/* End PBXResourcesBuildPhase section */

/* Begin PBXSourcesBuildPhase section */
		3F833FF51AD7CB64007834E9 /* Sources */ = {
			isa = PBXSourcesBuildPhase;
			buildActionMask = 2147483647;
			files = (
				3F8340021AD7CB64007834E9 /* AppDelegate.m in Sources */,
				3F833FFF1AD7CB64007834E9 /* main.m in Sources */,
				3F8340081AD7CB64007834E9 /* ViewController.m in Sources */,
				3F8340051AD7CB64007834E9 /* contacts.xcdatamodeld in Sources */,
			);
			runOnlyForDeploymentPostprocessing = 0;
		};
		3F8340111AD7CB64007834E9 /* Sources */ = {
			isa = PBXSourcesBuildPhase;
			buildActionMask = 2147483647;
			files = (
				3F83401C1AD7CB64007834E9 /* contactsTests.m in Sources */,
			);
			runOnlyForDeploymentPostprocessing = 0;
		};
/* End PBXSourcesBuildPhase section */

/* Begin PBXTargetDependency section */
		3F8340171AD7CB64007834E9 /* PBXTargetDependency */ = {
			isa = PBXTargetDependency;
			target = 3F833FF81AD7CB64007834E9 /* contacts */;
			targetProxy = 3F8340161AD7CB64007834E9 /* PBXContainerItemProxy */;
		};
/* End PBXTargetDependency section */

/* Begin PBXVariantGroup section */
		3F8340091AD7CB64007834E9 /* Main.storyboard */ = {
			isa = PBXVariantGroup;
			children = (
				3F83400A1AD7CB64007834E9 /* Base */,
			);
			name = Main.storyboard;
			sourceTree = "<group>";
		};
		3F83400E1AD7CB64007834E9 /* LaunchScreen.xib */ = {
			isa = PBXVariantGroup;
			children = (
				3F83400F1AD7CB64007834E9 /* Base */,
			);
			name = LaunchScreen.xib;
			sourceTree = "<group>";
		};
/* End PBXVariantGroup section */

/* Begin XCBuildConfiguration section */
		3F83401D1AD7CB64007834E9 /* Debug */ = {
			isa = XCBuildConfiguration;
			buildSettings = {
				ALWAYS_SEARCH_USER_PATHS = NO;
				CLANG_CXX_LANGUAGE_STANDARD = "gnu++0x";
				CLANG_CXX_LIBRARY = "libc++";
				CLANG_ENABLE_MODULES = YES;
				CLANG_ENABLE_OBJC_ARC = YES;
				CLANG_WARN_BOOL_CONVERSION = YES;
				CLANG_WARN_CONSTANT_CONVERSION = YES;
				CLANG_WARN_DIRECT_OBJC_ISA_USAGE = YES_ERROR;
				CLANG_WARN_EMPTY_BODY = YES;
				CLANG_WARN_ENUM_CONVERSION = YES;
				CLANG_WARN_INT_CONVERSION = YES;
				CLANG_WARN_OBJC_ROOT_CLASS = YES_ERROR;
				CLANG_WARN_UNREACHABLE_CODE = YES;
				CLANG_WARN__DUPLICATE_METHOD_MATCH = YES;
				"CODE_SIGN_IDENTITY[sdk=iphoneos*]" = "iPhone Developer";
				COPY_PHASE_STRIP = NO;
				DEBUG_INFORMATION_FORMAT = dwarf;
				ENABLE_STRICT_OBJC_MSGSEND = YES;
				GCC_C_LANGUAGE_STANDARD = gnu99;
				GCC_DYNAMIC_NO_PIC = NO;
				GCC_OPTIMIZATION_LEVEL = 0;
				GCC_PREPROCESSOR_DEFINITIONS = (
					"DEBUG=1",
					"$(inherited)",
				);
				GCC_SYMBOLS_PRIVATE_EXTERN = NO;
				GCC_WARN_64_TO_32_BIT_CONVERSION = YES;
				GCC_WARN_ABOUT_RETURN_TYPE = YES_ERROR;
				GCC_WARN_UNDECLARED_SELECTOR = YES;
				GCC_WARN_UNINITIALIZED_AUTOS = YES_AGGRESSIVE;
				GCC_WARN_UNUSED_FUNCTION = YES;
				GCC_WARN_UNUSED_VARIABLE = YES;
				IPHONEOS_DEPLOYMENT_TARGET = 8.3;
				MTL_ENABLE_DEBUG_INFO = YES;
				ONLY_ACTIVE_ARCH = YES;
				SDKROOT = iphoneos;
			};
			name = Debug;
		};
		3F83401E1AD7CB64007834E9 /* Release */ = {
			isa = XCBuildConfiguration;
			buildSettings = {
				ALWAYS_SEARCH_USER_PATHS = NO;
				CLANG_CXX_LANGUAGE_STANDARD = "gnu++0x";
				CLANG_CXX_LIBRARY = "libc++";
				CLANG_ENABLE_MODULES = YES;
				CLANG_ENABLE_OBJC_ARC = YES;
				CLANG_WARN_BOOL_CONVERSION = YES;
				CLANG_WARN_CONSTANT_CONVERSION = YES;
				CLANG_WARN_DIRECT_OBJC_ISA_USAGE = YES_ERROR;
				CLANG_WARN_EMPTY_BODY = YES;
				CLANG_WARN_ENUM_CONVERSION = YES;
				CLANG_WARN_INT_CONVERSION = YES;
				CLANG_WARN_OBJC_ROOT_CLASS = YES_ERROR;
				CLANG_WARN_UNREACHABLE_CODE = YES;
				CLANG_WARN__DUPLICATE_METHOD_MATCH = YES;
				"CODE_SIGN_IDENTITY[sdk=iphoneos*]" = "iPhone Developer";
				COPY_PHASE_STRIP = NO;
				DEBUG_INFORMATION_FORMAT = "dwarf-with-dsym";
				ENABLE_NS_ASSERTIONS = NO;
				ENABLE_STRICT_OBJC_MSGSEND = YES;
				GCC_C_LANGUAGE_STANDARD = gnu99;
				GCC_WARN_64_TO_32_BIT_CONVERSION = YES;
				GCC_WARN_ABOUT_RETURN_TYPE = YES_ERROR;
				GCC_WARN_UNDECLARED_SELECTOR = YES;
				GCC_WARN_UNINITIALIZED_AUTOS = YES_AGGRESSIVE;
				GCC_WARN_UNUSED_FUNCTION = YES;
				GCC_WARN_UNUSED_VARIABLE = YES;
				IPHONEOS_DEPLOYMENT_TARGET = 8.3;
				MTL_ENABLE_DEBUG_INFO = NO;
				SDKROOT = iphoneos;
				VALIDATE_PRODUCT = YES;
			};
			name = Release;
		};
		3F8340201AD7CB64007834E9 /* Debug */ = {
			isa = XCBuildConfiguration;
			buildSettings = {
				ASSETCATALOG_COMPILER_APPICON_NAME = AppIcon;
				INFOPLIST_FILE = contacts/Info.plist;
				LD_RUNPATH_SEARCH_PATHS = "$(inherited) @executable_path/Frameworks";
				PRODUCT_NAME = "$(TARGET_NAME)";
			};
			name = Debug;
		};
		3F8340211AD7CB64007834E9 /* Release */ = {
			isa = XCBuildConfiguration;
			buildSettings = {
				ASSETCATALOG_COMPILER_APPICON_NAME = AppIcon;
				INFOPLIST_FILE = contacts/Info.plist;
				LD_RUNPATH_SEARCH_PATHS = "$(inherited) @executable_path/Frameworks";
				PRODUCT_NAME = "$(TARGET_NAME)";
			};
			name = Release;
		};
		3F8340231AD7CB64007834E9 /* Debug */ = {
			isa = XCBuildConfiguration;
			buildSettings = {
				BUNDLE_LOADER = "$(TEST_HOST)";
				FRAMEWORK_SEARCH_PATHS = (
					"$(SDKROOT)/Developer/Library/Frameworks",
					"$(inherited)",
				);
				GCC_PREPROCESSOR_DEFINITIONS = (
					"DEBUG=1",
					"$(inherited)",
				);
				INFOPLIST_FILE = contactsTests/Info.plist;
				LD_RUNPATH_SEARCH_PATHS = "$(inherited) @executable_path/Frameworks @loader_path/Frameworks";
				PRODUCT_NAME = "$(TARGET_NAME)";
				TEST_HOST = "$(BUILT_PRODUCTS_DIR)/contacts.app/contacts";
			};
			name = Debug;
		};
		3F8340241AD7CB64007834E9 /* Release */ = {
			isa = XCBuildConfiguration;
			buildSettings = {
				BUNDLE_LOADER = "$(TEST_HOST)";
				FRAMEWORK_SEARCH_PATHS = (
					"$(SDKROOT)/Developer/Library/Frameworks",
					"$(inherited)",
				);
				INFOPLIST_FILE = contactsTests/Info.plist;
				LD_RUNPATH_SEARCH_PATHS = "$(inherited) @executable_path/Frameworks @loader_path/Frameworks";
				PRODUCT_NAME = "$(TARGET_NAME)";
				TEST_HOST = "$(BUILT_PRODUCTS_DIR)/contacts.app/contacts";
			};
			name = Release;
		};
/* End XCBuildConfiguration section */

/* Begin XCConfigurationList section */
		3F833FF41AD7CB64007834E9 /* Build configuration list for PBXProject "contacts" */ = {
			isa = XCConfigurationList;
			buildConfigurations = (
				3F83401D1AD7CB64007834E9 /* Debug */,
				3F83401E1AD7CB64007834E9 /* Release */,
			);
			defaultConfigurationIsVisible = 0;
			defaultConfigurationName = Release;
		};
		3F83401F1AD7CB64007834E9 /* Build configuration list for PBXNativeTarget "contacts" */ = {
			isa = XCConfigurationList;
			buildConfigurations = (
				3F8340201AD7CB64007834E9 /* Debug */,
				3F8340211AD7CB64007834E9 /* Release */,
			);
			defaultConfigurationIsVisible = 0;
		};
		3F8340221AD7CB64007834E9 /* Build configuration list for PBXNativeTarget "contactsTests" */ = {
			isa = XCConfigurationList;
			buildConfigurations = (
				3F8340231AD7CB64007834E9 /* Debug */,
				3F8340241AD7CB64007834E9 /* Release */,
			);
			defaultConfigurationIsVisible = 0;
		};
/* End XCConfigurationList section */

/* Begin XCVersionGroup section */
		3F8340031AD7CB64007834E9 /* contacts.xcdatamodeld */ = {
			isa = XCVersionGroup;
			children = (
				3F8340041AD7CB64007834E9 /* contacts.xcdatamodel */,
			);
			currentVersion = 3F8340041AD7CB64007834E9 /* contacts.xcdatamodel */;
			path = contacts.xcdatamodeld;
			sourceTree = "<group>";
			versionGroupType = wrapper.xcdatamodel;
		};
/* End XCVersionGroup section */
	};
	rootObject = 3F833FF11AD7CB64007834E9 /* Project object */;
}
